
Microsoft Visual Studio Solution File, Format Version 12.00
# Visual Studio Version 16
VisualStudioVersion = 16.0.31321.278
MinimumVisualStudioVersion = 10.0.40219.1
Project("{FAE04EC0-301F-11D3-BF4B-00C04F79EFBC}") = "DapperAPI", "DapperAPI\DapperAPI.csproj", "{98E7562A-5A94-4BD9-9AD2-CA17F2F4DA69}"
EndProject
Global
	GlobalSection(SolutionConfigurationPlatforms) = preSolution
		Debug|Any CPU = Debug|Any CPU
		Release|Any CPU = Release|Any CPU
	EndGlobalSection
	GlobalSection(ProjectConfigurationPlatforms) = postSolution
		{98E7562A-5A94-4BD9-9AD2-CA17F2F4DA69}.Debug|Any CPU.ActiveCfg = Debug|Any CPU
		{98E7562A-5A94-4BD9-9AD2-CA17F2F4DA69}.Debug|Any CPU.Build.0 = Debug|Any CPU
		{98E7562A-5A94-4BD9-9AD2-CA17F2F4DA69}.Release|Any CPU.ActiveCfg = Release|Any CPU
		{98E7562A-5A94-4BD9-9AD2-CA17F2F4DA69}.Release|Any CPU.Build.0 = Release|Any CPU
	EndGlobalSection
	GlobalSection(SolutionProperties) = preSolution
		HideSolutionNode = FALSE
	EndGlobalSection
	GlobalSection(ExtensibilityGlobals) = postSolution
		SolutionGuid = {18AE17FD-16DA-4FEA-96BC-8815DC5AE536}
	EndGlobalSection
EndGlobal
